
Microsoft Visual Studio Solution File, Format Version 12.00
# Visual Studio Version 17
VisualStudioVersion = 17.8.34511.84
MinimumVisualStudioVersion = 10.0.40219.1
Project("{FAE04EC0-301F-11D3-BF4B-00C04F79EFBC}") = "PurchasingV1Web", "PurchasingV1Web\PurchasingV1Web.csproj", "{F4579DCB-7F49-4171-8C07-103BD6882171}"
EndProject
Global
	GlobalSection(SolutionConfigurationPlatforms) = preSolution
		Debug|Any CPU = Debug|Any CPU
		Release|Any CPU = Release|Any CPU
	EndGlobalSection
	GlobalSection(ProjectConfigurationPlatforms) = postSolution
		{F4579DCB-7F49-4171-8C07-103BD6882171}.Debug|Any CPU.ActiveCfg = Debug|Any CPU
		{F4579DCB-7F49-4171-8C07-103BD6882171}.Debug|Any CPU.Build.0 = Debug|Any CPU
		{F4579DCB-7F49-4171-8C07-103BD6882171}.Release|Any CPU.ActiveCfg = Release|Any CPU
		{F4579DCB-7F49-4171-8C07-103BD6882171}.Release|Any CPU.Build.0 = Release|Any CPU
	EndGlobalSection
	GlobalSection(SolutionProperties) = preSolution
		HideSolutionNode = FALSE
	EndGlobalSection
	GlobalSection(ExtensibilityGlobals) = postSolution
		SolutionGuid = {C4A50DD4-499D-4C7D-BC9C-A5EF58D6426D}
	EndGlobalSection
EndGlobal
